
Microsoft Visual Studio Solution File, Format Version 12.00
# Visual Studio Version 17
VisualStudioVersion = 17.4.33122.133
MinimumVisualStudioVersion = 10.0.40219.1
Project("{9A19103F-16F7-4668-BE54-9A1E7A4F7556}") = "EntityFrameWorkLesson", "EntityFrameWorkLesson\EntityFrameWorkLesson.csproj", "{F06B4418-0965-47DB-AFCE-CD774FBBBABC}"
EndProject
Project("{FAE04EC0-301F-11D3-BF4B-00C04F79EFBC}") = "EntityFrameworkLesson2", "EntityFrameworkLesson2\EntityFrameworkLesson2.csproj", "{DBCC3A6B-2F72-4E90-9C66-80578FEA9BF3}"
EndProject
Global
	GlobalSection(SolutionConfigurationPlatforms) = preSolution
		Debug|Any CPU = Debug|Any CPU
		Release|Any CPU = Release|Any CPU
	EndGlobalSection
	GlobalSection(ProjectConfigurationPlatforms) = postSolution
		{F06B4418-0965-47DB-AFCE-CD774FBBBABC}.Debug|Any CPU.ActiveCfg = Debug|Any CPU
		{F06B4418-0965-47DB-AFCE-CD774FBBBABC}.Debug|Any CPU.Build.0 = Debug|Any CPU
		{F06B4418-0965-47DB-AFCE-CD774FBBBABC}.Release|Any CPU.ActiveCfg = Release|Any CPU
		{F06B4418-0965-47DB-AFCE-CD774FBBBABC}.Release|Any CPU.Build.0 = Release|Any CPU
		{DBCC3A6B-2F72-4E90-9C66-80578FEA9BF3}.Debug|Any CPU.ActiveCfg = Debug|Any CPU
		{DBCC3A6B-2F72-4E90-9C66-80578FEA9BF3}.Debug|Any CPU.Build.0 = Debug|Any CPU
		{DBCC3A6B-2F72-4E90-9C66-80578FEA9BF3}.Release|Any CPU.ActiveCfg = Release|Any CPU
		{DBCC3A6B-2F72-4E90-9C66-80578FEA9BF3}.Release|Any CPU.Build.0 = Release|Any CPU
	EndGlobalSection
	GlobalSection(SolutionProperties) = preSolution
		HideSolutionNode = FALSE
	EndGlobalSection
	GlobalSection(ExtensibilityGlobals) = postSolution
		SolutionGuid = {41E7C5A3-557B-4FA0-BAE7-D2CA1223E463}
	EndGlobalSection
EndGlobal
